PODS:
  - LocationSimulator (0.2.0)

DEPENDENCIES:
  - LocationSimulator (from `../`)

EXTERNAL SOURCES:
  LocationSimulator:
    :path: "../"

SPEC CHECKSUMS:
  LocationSimulator: d6627f679126da8f208e186ec4523919340131b8

PODFILE CHECKSUM: 17e9b7e16af540e94bbb910b6a4a70c10c515310

COCOAPODS: 1.9.1
